{
  "version": 4,
  "terraform_version": "1.2.5",
  "serial": 14,
  "lineage": "2d629ec7-57a7-c186-1714-163e96d09080",
  "outputs": {
    "external_ip_address_node01": {
      "value": "62.84.118.164",
      "type": "string"
    },
    "external_ip_address_node02": {
      "value": "51.250.5.223",
      "type": "string"
    },
    "external_ip_address_node03": {
      "value": "51.250.74.2",
      "type": "string"
    },
    "external_ip_address_node04": {
      "value": "51.250.92.222",
      "type": "string"
    },
    "external_ip_address_node05": {
      "value": "62.84.116.240",
      "type": "string"
    },
    "external_ip_address_node06": {
      "value": "51.250.87.218",
      "type": "string"
    },
    "internal_ip_address_node01": {
      "value": "192.168.101.11",
      "type": "string"
    },
    "internal_ip_address_node02": {
      "value": "192.168.101.12",
      "type": "string"
    },
    "internal_ip_address_node03": {
      "value": "192.168.101.13",
      "type": "string"
    },
    "internal_ip_address_node04": {
      "value": "192.168.101.14",
      "type": "string"
    },
    "internal_ip_address_node05": {
      "value": "192.168.101.15",
      "type": "string"
    },
    "internal_ip_address_node06": {
      "value": "192.168.101.16",
      "type": "string"
    }
  },
  "resources": [
    {
      "mode": "managed",
      "type": "local_file",
      "name": "inventory",
      "provider": "provider[\"registry.terraform.io/hashicorp/local\"]",
      "instances": [
        {
          "schema_version": 0,
          "attributes": {
            "content": "# Ansible inventory containing variable values from Terraform.\n# Generated by Terraform.\n\n[nodes:children]\nmanagers\nworkers\n\n[managers:children]\nactive\nstandby\n\n[active]\nnode01.netology.yc ansible_host=62.84.118.164\n\n[standby]\nnode02.netology.yc ansible_host=51.250.5.223\nnode03.netology.yc ansible_host=51.250.74.2\n\n[workers]\nnode04.netology.yc ansible_host=51.250.92.222\nnode05.netology.yc ansible_host=62.84.116.240\nnode06.netology.yc ansible_host=51.250.87.218\n",
            "content_base64": null,
            "directory_permission": "0777",
            "file_permission": "0777",
            "filename": "../ansible/inventory",
            "id": "3d607e2221c31c16434676cb8332927ed6ed8b89",
            "sensitive_content": null,
            "source": null
          },
          "sensitive_attributes": [],
          "private": "bnVsbA==",
          "dependencies": [
            "yandex_compute_instance.node01",
            "yandex_compute_instance.node02",
            "yandex_compute_instance.node03",
            "yandex_compute_instance.node04",
            "yandex_compute_instance.node05",
            "yandex_compute_instance.node06",
            "yandex_vpc_network.default",
            "yandex_vpc_subnet.default"
          ]
        }
      ]
    },
    {
      "mode": "managed",
      "type": "null_resource",
      "name": "cluster",
      "provider": "provider[\"registry.terraform.io/hashicorp/null\"]",
      "instances": [
        {
          "schema_version": 0,
          "attributes": {
            "id": "7477750644431674321",
            "triggers": null
          },
          "sensitive_attributes": [],
          "private": "bnVsbA==",
          "dependencies": [
            "local_file.inventory",
            "null_resource.wait",
            "yandex_compute_instance.node01",
            "yandex_compute_instance.node02",
            "yandex_compute_instance.node03",
            "yandex_compute_instance.node04",
            "yandex_compute_instance.node05",
            "yandex_compute_instance.node06",
            "yandex_vpc_network.default",
            "yandex_vpc_subnet.default"
          ]
        }
      ]
    },
    {
      "mode": "managed",
      "type": "null_resource",
      "name": "monitoring",
      "provider": "provider[\"registry.terraform.io/hashicorp/null\"]",
      "instances": [
        {
          "schema_version": 0,
          "attributes": {
            "id": "840096571736508181",
            "triggers": null
          },
          "sensitive_attributes": [],
          "private": "bnVsbA==",
          "dependencies": [
            "local_file.inventory",
            "null_resource.cluster",
            "null_resource.sync",
            "null_resource.wait",
            "yandex_compute_instance.node01",
            "yandex_compute_instance.node02",
            "yandex_compute_instance.node03",
            "yandex_compute_instance.node04",
            "yandex_compute_instance.node05",
            "yandex_compute_instance.node06",
            "yandex_vpc_network.default",
            "yandex_vpc_subnet.default"
          ]
        }
      ]
    },
    {
      "mode": "managed",
      "type": "null_resource",
      "name": "sync",
      "provider": "provider[\"registry.terraform.io/hashicorp/null\"]",
      "instances": [
        {
          "schema_version": 0,
          "attributes": {
            "id": "4619898793417818845",
            "triggers": null
          },
          "sensitive_attributes": [],
          "private": "bnVsbA==",
          "dependencies": [
            "local_file.inventory",
            "null_resource.cluster",
            "null_resource.wait",
            "yandex_compute_instance.node01",
            "yandex_compute_instance.node02",
            "yandex_compute_instance.node03",
            "yandex_compute_instance.node04",
            "yandex_compute_instance.node05",
            "yandex_compute_instance.node06",
            "yandex_vpc_network.default",
            "yandex_vpc_subnet.default"
          ]
        }
      ]
    },
    {
      "mode": "managed",
      "type": "null_resource",
      "name": "wait",
      "provider": "provider[\"registry.terraform.io/hashicorp/null\"]",
      "instances": [
        {
          "schema_version": 0,
          "attributes": {
            "id": "4344721031080242135",
            "triggers": null
          },
          "sensitive_attributes": [],
          "private": "bnVsbA==",
          "dependencies": [
            "local_file.inventory",
            "yandex_compute_instance.node01",
            "yandex_compute_instance.node02",
            "yandex_compute_instance.node03",
            "yandex_compute_instance.node04",
            "yandex_compute_instance.node05",
            "yandex_compute_instance.node06",
            "yandex_vpc_network.default",
            "yandex_vpc_subnet.default"
          ]
        }
      ]
    },
    {
      "mode": "managed",
      "type": "yandex_compute_instance",
      "name": "node01",
      "provider": "provider[\"registry.terraform.io/yandex-cloud/yandex\"]",
      "instances": [
        {
          "schema_version": 1,
          "attributes": {
            "allow_recreate": null,
            "allow_stopping_for_update": true,
            "boot_disk": [
              {
                "auto_delete": true,
                "device_name": "fhmuriac8mlr3ru5g6ee",
                "disk_id": "fhmuriac8mlr3ru5g6ee",
                "initialize_params": [
                  {
                    "block_size": 4096,
                    "description": "",
                    "image_id": "fd8nirn8ouah72btb68g",
                    "name": "root-node01",
                    "size": 10,
                    "snapshot_id": "",
                    "type": "network-ssd"
                  }
                ],
                "mode": "READ_WRITE"
              }
            ],
            "created_at": "2022-08-13T10:07:43Z",
            "description": "",
            "folder_id": "b1gvpgk1m2f46g0u3bpc",
            "fqdn": "node01.netology.yc",
            "hostname": "node01.netology.yc",
            "id": "fhm9rej8ts2gb6lphb7m",
            "labels": null,
            "local_disk": [],
            "metadata": {
              "ssh-keys": "centos:ssh-rsa AAAAB3NzaC1yc2EAAAADAQABAAABgQDRVvmZu63hEs0NQGwiJX4SkbXu9je3hWTSApSUaptidQL0YMMOm7gvPUHPQxU+amFEvfiicrm/3v8OjNOPdQ1Si4Qj5/BQefTZ21obEp8CUjb7Rnjs7j9O6nPjSsXGJhTJNBm4s9E+q8CyQbDsPcWdRno5KQV/m1VZMcV1yVCfgZxQOCHseLm9+AEvEkIC8u34MT7eGKIRgE9q5ZyBDsP8kfN7sA4LWySAC3ApdiVZZuvqBihlsW1rs/lQZlUaLhQWJOgl7GrNjHiH11TA5gNGM7LuWwBwG2d8KsiBB1yjgrH0JJX9ri+9C6nkRSbEc0m78Uzlqj6t2hZq3VnLFGiV1HahX+reszTVjp+F7FESXir6dT324fEYJG+IgftdSasqe6ptLJYlLcRyUc5LnO5d2J+Ul1XUe8CbEapffQURM7m8vMm1xw87i6p4A5zA5Aawi8VW8Os4j9O1/37b456iN4s2ool43oey0+WUt1oigPLLUKRC/2WK+qdjO2rdNiU= igord@ubuntu\n"
            },
            "name": "node01",
            "network_acceleration_type": "standard",
            "network_interface": [
              {
                "dns_record": [],
                "index": 0,
                "ip_address": "192.168.101.11",
                "ipv4": true,
                "ipv6": false,
                "ipv6_address": "",
                "ipv6_dns_record": [],
                "mac_address": "d0:0d:9d:ba:68:ef",
                "nat": true,
                "nat_dns_record": [],
                "nat_ip_address": "62.84.118.164",
                "nat_ip_version": "IPV4",
                "security_group_ids": [],
                "subnet_id": "e9bcbakctkirkk4mfpkm"
              }
            ],
            "placement_policy": [
              {
                "host_affinity_rules": [],
                "placement_group_id": ""
              }
            ],
            "platform_id": "standard-v1",
            "resources": [
              {
                "core_fraction": 100,
                "cores": 4,
                "gpus": 0,
                "memory": 8
              }
            ],
            "scheduling_policy": [
              {
                "preemptible": false
              }
            ],
            "secondary_disk": [],
            "service_account_id": "",
            "status": "running",
            "timeouts": null,
            "zone": "ru-central1-a"
          },
          "sensitive_attributes": [],
          "private": "eyJlMmJmYjczMC1lY2FhLTExZTYtOGY4OC0zNDM2M2JjN2M0YzAiOnsiY3JlYXRlIjozMDAwMDAwMDAwMDAsImRlbGV0ZSI6MzAwMDAwMDAwMDAwLCJ1cGRhdGUiOjMwMDAwMDAwMDAwMH0sInNjaGVtYV92ZXJzaW9uIjoiMSJ9",
          "dependencies": [
            "yandex_vpc_network.default",
            "yandex_vpc_subnet.default"
          ]
        }
      ]
    },
    {
      "mode": "managed",
      "type": "yandex_compute_instance",
      "name": "node02",
      "provider": "provider[\"registry.terraform.io/yandex-cloud/yandex\"]",
      "instances": [
        {
          "schema_version": 1,
          "attributes": {
            "allow_recreate": null,
            "allow_stopping_for_update": true,
            "boot_disk": [
              {
                "auto_delete": true,
                "device_name": "fhmpgu2tsb50jkl77g7o",
                "disk_id": "fhmpgu2tsb50jkl77g7o",
                "initialize_params": [
                  {
                    "block_size": 4096,
                    "description": "",
                    "image_id": "fd8nirn8ouah72btb68g",
                    "name": "root-node02",
                    "size": 10,
                    "snapshot_id": "",
                    "type": "network-ssd"
                  }
                ],
                "mode": "READ_WRITE"
              }
            ],
            "created_at": "2022-08-13T10:07:43Z",
            "description": "",
            "folder_id": "b1gvpgk1m2f46g0u3bpc",
            "fqdn": "node02.netology.yc",
            "hostname": "node02.netology.yc",
            "id": "fhmj70q63t5ktvalhb6i",
            "labels": null,
            "local_disk": [],
            "metadata": {
              "ssh-keys": "centos:ssh-rsa AAAAB3NzaC1yc2EAAAADAQABAAABgQDRVvmZu63hEs0NQGwiJX4SkbXu9je3hWTSApSUaptidQL0YMMOm7gvPUHPQxU+amFEvfiicrm/3v8OjNOPdQ1Si4Qj5/BQefTZ21obEp8CUjb7Rnjs7j9O6nPjSsXGJhTJNBm4s9E+q8CyQbDsPcWdRno5KQV/m1VZMcV1yVCfgZxQOCHseLm9+AEvEkIC8u34MT7eGKIRgE9q5ZyBDsP8kfN7sA4LWySAC3ApdiVZZuvqBihlsW1rs/lQZlUaLhQWJOgl7GrNjHiH11TA5gNGM7LuWwBwG2d8KsiBB1yjgrH0JJX9ri+9C6nkRSbEc0m78Uzlqj6t2hZq3VnLFGiV1HahX+reszTVjp+F7FESXir6dT324fEYJG+IgftdSasqe6ptLJYlLcRyUc5LnO5d2J+Ul1XUe8CbEapffQURM7m8vMm1xw87i6p4A5zA5Aawi8VW8Os4j9O1/37b456iN4s2ool43oey0+WUt1oigPLLUKRC/2WK+qdjO2rdNiU= igord@ubuntu\n"
            },
            "name": "node02",
            "network_acceleration_type": "standard",
            "network_interface": [
              {
                "dns_record": [],
                "index": 0,
                "ip_address": "192.168.101.12",
                "ipv4": true,
                "ipv6": false,
                "ipv6_address": "",
                "ipv6_dns_record": [],
                "mac_address": "d0:0d:13:38:34:61",
                "nat": true,
                "nat_dns_record": [],
                "nat_ip_address": "51.250.5.223",
                "nat_ip_version": "IPV4",
                "security_group_ids": [],
                "subnet_id": "e9bcbakctkirkk4mfpkm"
              }
            ],
            "placement_policy": [
              {
                "host_affinity_rules": [],
                "placement_group_id": ""
              }
            ],
            "platform_id": "standard-v1",
            "resources": [
              {
                "core_fraction": 100,
                "cores": 4,
                "gpus": 0,
                "memory": 8
              }
            ],
            "scheduling_policy": [
              {
                "preemptible": false
              }
            ],
            "secondary_disk": [],
            "service_account_id": "",
            "status": "running",
            "timeouts": null,
            "zone": "ru-central1-a"
          },
          "sensitive_attributes": [],
          "private": "eyJlMmJmYjczMC1lY2FhLTExZTYtOGY4OC0zNDM2M2JjN2M0YzAiOnsiY3JlYXRlIjozMDAwMDAwMDAwMDAsImRlbGV0ZSI6MzAwMDAwMDAwMDAwLCJ1cGRhdGUiOjMwMDAwMDAwMDAwMH0sInNjaGVtYV92ZXJzaW9uIjoiMSJ9",
          "dependencies": [
            "yandex_vpc_network.default",
            "yandex_vpc_subnet.default"
          ]
        }
      ]
    },
    {
      "mode": "managed",
      "type": "yandex_compute_instance",
      "name": "node03",
      "provider": "provider[\"registry.terraform.io/yandex-cloud/yandex\"]",
      "instances": [
        {
          "schema_version": 1,
          "attributes": {
            "allow_recreate": null,
            "allow_stopping_for_update": true,
            "boot_disk": [
              {
                "auto_delete": true,
                "device_name": "fhm6sfpt44ei2p364f31",
                "disk_id": "fhm6sfpt44ei2p364f31",
                "initialize_params": [
                  {
                    "block_size": 4096,
                    "description": "",
                    "image_id": "fd8nirn8ouah72btb68g",
                    "name": "root-node03",
                    "size": 10,
                    "snapshot_id": "",
                    "type": "network-ssd"
                  }
                ],
                "mode": "READ_WRITE"
              }
            ],
            "created_at": "2022-08-13T10:07:43Z",
            "description": "",
            "folder_id": "b1gvpgk1m2f46g0u3bpc",
            "fqdn": "node03.netology.yc",
            "hostname": "node03.netology.yc",
            "id": "fhmemepccocsvg1gk5ia",
            "labels": null,
            "local_disk": [],
            "metadata": {
              "ssh-keys": "centos:ssh-rsa AAAAB3NzaC1yc2EAAAADAQABAAABgQDRVvmZu63hEs0NQGwiJX4SkbXu9je3hWTSApSUaptidQL0YMMOm7gvPUHPQxU+amFEvfiicrm/3v8OjNOPdQ1Si4Qj5/BQefTZ21obEp8CUjb7Rnjs7j9O6nPjSsXGJhTJNBm4s9E+q8CyQbDsPcWdRno5KQV/m1VZMcV1yVCfgZxQOCHseLm9+AEvEkIC8u34MT7eGKIRgE9q5ZyBDsP8kfN7sA4LWySAC3ApdiVZZuvqBihlsW1rs/lQZlUaLhQWJOgl7GrNjHiH11TA5gNGM7LuWwBwG2d8KsiBB1yjgrH0JJX9ri+9C6nkRSbEc0m78Uzlqj6t2hZq3VnLFGiV1HahX+reszTVjp+F7FESXir6dT324fEYJG+IgftdSasqe6ptLJYlLcRyUc5LnO5d2J+Ul1XUe8CbEapffQURM7m8vMm1xw87i6p4A5zA5Aawi8VW8Os4j9O1/37b456iN4s2ool43oey0+WUt1oigPLLUKRC/2WK+qdjO2rdNiU= igord@ubuntu\n"
            },
            "name": "node03",
            "network_acceleration_type": "standard",
            "network_interface": [
              {
                "dns_record": [],
                "index": 0,
                "ip_address": "192.168.101.13",
                "ipv4": true,
                "ipv6": false,
                "ipv6_address": "",
                "ipv6_dns_record": [],
                "mac_address": "d0:0d:eb:3b:2c:66",
                "nat": true,
                "nat_dns_record": [],
                "nat_ip_address": "51.250.74.2",
                "nat_ip_version": "IPV4",
                "security_group_ids": [],
                "subnet_id": "e9bcbakctkirkk4mfpkm"
              }
            ],
            "placement_policy": [
              {
                "host_affinity_rules": [],
                "placement_group_id": ""
              }
            ],
            "platform_id": "standard-v1",
            "resources": [
              {
                "core_fraction": 100,
                "cores": 4,
                "gpus": 0,
                "memory": 8
              }
            ],
            "scheduling_policy": [
              {
                "preemptible": false
              }
            ],
            "secondary_disk": [],
            "service_account_id": "",
            "status": "running",
            "timeouts": null,
            "zone": "ru-central1-a"
          },
          "sensitive_attributes": [],
          "private": "eyJlMmJmYjczMC1lY2FhLTExZTYtOGY4OC0zNDM2M2JjN2M0YzAiOnsiY3JlYXRlIjozMDAwMDAwMDAwMDAsImRlbGV0ZSI6MzAwMDAwMDAwMDAwLCJ1cGRhdGUiOjMwMDAwMDAwMDAwMH0sInNjaGVtYV92ZXJzaW9uIjoiMSJ9",
          "dependencies": [
            "yandex_vpc_network.default",
            "yandex_vpc_subnet.default"
          ]
        }
      ]
    },
    {
      "mode": "managed",
      "type": "yandex_compute_instance",
      "name": "node04",
      "provider": "provider[\"registry.terraform.io/yandex-cloud/yandex\"]",
      "instances": [
        {
          "schema_version": 1,
          "attributes": {
            "allow_recreate": null,
            "allow_stopping_for_update": true,
            "boot_disk": [
              {
                "auto_delete": true,
                "device_name": "fhmbkbhlsf1fd1gr8aho",
                "disk_id": "fhmbkbhlsf1fd1gr8aho",
                "initialize_params": [
                  {
                    "block_size": 4096,
                    "description": "",
                    "image_id": "fd8nirn8ouah72btb68g",
                    "name": "root-node04",
                    "size": 40,
                    "snapshot_id": "",
                    "type": "network-ssd"
                  }
                ],
                "mode": "READ_WRITE"
              }
            ],
            "created_at": "2022-08-13T10:07:43Z",
            "description": "",
            "folder_id": "b1gvpgk1m2f46g0u3bpc",
            "fqdn": "node04.netology.yc",
            "hostname": "node04.netology.yc",
            "id": "fhmv8tisd6h66lugp6se",
            "labels": null,
            "local_disk": [],
            "metadata": {
              "ssh-keys": "centos:ssh-rsa AAAAB3NzaC1yc2EAAAADAQABAAABgQDRVvmZu63hEs0NQGwiJX4SkbXu9je3hWTSApSUaptidQL0YMMOm7gvPUHPQxU+amFEvfiicrm/3v8OjNOPdQ1Si4Qj5/BQefTZ21obEp8CUjb7Rnjs7j9O6nPjSsXGJhTJNBm4s9E+q8CyQbDsPcWdRno5KQV/m1VZMcV1yVCfgZxQOCHseLm9+AEvEkIC8u34MT7eGKIRgE9q5ZyBDsP8kfN7sA4LWySAC3ApdiVZZuvqBihlsW1rs/lQZlUaLhQWJOgl7GrNjHiH11TA5gNGM7LuWwBwG2d8KsiBB1yjgrH0JJX9ri+9C6nkRSbEc0m78Uzlqj6t2hZq3VnLFGiV1HahX+reszTVjp+F7FESXir6dT324fEYJG+IgftdSasqe6ptLJYlLcRyUc5LnO5d2J+Ul1XUe8CbEapffQURM7m8vMm1xw87i6p4A5zA5Aawi8VW8Os4j9O1/37b456iN4s2ool43oey0+WUt1oigPLLUKRC/2WK+qdjO2rdNiU= igord@ubuntu\n"
            },
            "name": "node04",
            "network_acceleration_type": "standard",
            "network_interface": [
              {
                "dns_record": [],
                "index": 0,
                "ip_address": "192.168.101.14",
                "ipv4": true,
                "ipv6": false,
                "ipv6_address": "",
                "ipv6_dns_record": [],
                "mac_address": "d0:0d:1f:47:65:c6",
                "nat": true,
                "nat_dns_record": [],
                "nat_ip_address": "51.250.92.222",
                "nat_ip_version": "IPV4",
                "security_group_ids": [],
                "subnet_id": "e9bcbakctkirkk4mfpkm"
              }
            ],
            "placement_policy": [
              {
                "host_affinity_rules": [],
                "placement_group_id": ""
              }
            ],
            "platform_id": "standard-v1",
            "resources": [
              {
                "core_fraction": 100,
                "cores": 4,
                "gpus": 0,
                "memory": 8
              }
            ],
            "scheduling_policy": [
              {
                "preemptible": false
              }
            ],
            "secondary_disk": [],
            "service_account_id": "",
            "status": "running",
            "timeouts": null,
            "zone": "ru-central1-a"
          },
          "sensitive_attributes": [],
          "private": "eyJlMmJmYjczMC1lY2FhLTExZTYtOGY4OC0zNDM2M2JjN2M0YzAiOnsiY3JlYXRlIjozMDAwMDAwMDAwMDAsImRlbGV0ZSI6MzAwMDAwMDAwMDAwLCJ1cGRhdGUiOjMwMDAwMDAwMDAwMH0sInNjaGVtYV92ZXJzaW9uIjoiMSJ9",
          "dependencies": [
            "yandex_vpc_network.default",
            "yandex_vpc_subnet.default"
          ]
        }
      ]
    },
    {
      "mode": "managed",
      "type": "yandex_compute_instance",
      "name": "node05",
      "provider": "provider[\"registry.terraform.io/yandex-cloud/yandex\"]",
      "instances": [
        {
          "schema_version": 1,
          "attributes": {
            "allow_recreate": null,
            "allow_stopping_for_update": true,
            "boot_disk": [
              {
                "auto_delete": true,
                "device_name": "fhm81q3l7in80mng4g08",
                "disk_id": "fhm81q3l7in80mng4g08",
                "initialize_params": [
                  {
                    "block_size": 4096,
                    "description": "",
                    "image_id": "fd8nirn8ouah72btb68g",
                    "name": "root-node05",
                    "size": 40,
                    "snapshot_id": "",
                    "type": "network-ssd"
                  }
                ],
                "mode": "READ_WRITE"
              }
            ],
            "created_at": "2022-08-13T10:07:43Z",
            "description": "",
            "folder_id": "b1gvpgk1m2f46g0u3bpc",
            "fqdn": "node05.netology.yc",
            "hostname": "node05.netology.yc",
            "id": "fhmgpnoj85elp1h79gtm",
            "labels": null,
            "local_disk": [],
            "metadata": {
              "ssh-keys": "centos:ssh-rsa AAAAB3NzaC1yc2EAAAADAQABAAABgQDRVvmZu63hEs0NQGwiJX4SkbXu9je3hWTSApSUaptidQL0YMMOm7gvPUHPQxU+amFEvfiicrm/3v8OjNOPdQ1Si4Qj5/BQefTZ21obEp8CUjb7Rnjs7j9O6nPjSsXGJhTJNBm4s9E+q8CyQbDsPcWdRno5KQV/m1VZMcV1yVCfgZxQOCHseLm9+AEvEkIC8u34MT7eGKIRgE9q5ZyBDsP8kfN7sA4LWySAC3ApdiVZZuvqBihlsW1rs/lQZlUaLhQWJOgl7GrNjHiH11TA5gNGM7LuWwBwG2d8KsiBB1yjgrH0JJX9ri+9C6nkRSbEc0m78Uzlqj6t2hZq3VnLFGiV1HahX+reszTVjp+F7FESXir6dT324fEYJG+IgftdSasqe6ptLJYlLcRyUc5LnO5d2J+Ul1XUe8CbEapffQURM7m8vMm1xw87i6p4A5zA5Aawi8VW8Os4j9O1/37b456iN4s2ool43oey0+WUt1oigPLLUKRC/2WK+qdjO2rdNiU= igord@ubuntu\n"
            },
            "name": "node05",
            "network_acceleration_type": "standard",
            "network_interface": [
              {
                "dns_record": [],
                "index": 0,
                "ip_address": "192.168.101.15",
                "ipv4": true,
                "ipv6": false,
                "ipv6_address": "",
                "ipv6_dns_record": [],
                "mac_address": "d0:0d:10:cd:f1:34",
                "nat": true,
                "nat_dns_record": [],
                "nat_ip_address": "62.84.116.240",
                "nat_ip_version": "IPV4",
                "security_group_ids": [],
                "subnet_id": "e9bcbakctkirkk4mfpkm"
              }
            ],
            "placement_policy": [
              {
                "host_affinity_rules": [],
                "placement_group_id": ""
              }
            ],
            "platform_id": "standard-v1",
            "resources": [
              {
                "core_fraction": 100,
                "cores": 4,
                "gpus": 0,
                "memory": 8
              }
            ],
            "scheduling_policy": [
              {
                "preemptible": false
              }
            ],
            "secondary_disk": [],
            "service_account_id": "",
            "status": "running",
            "timeouts": null,
            "zone": "ru-central1-a"
          },
          "sensitive_attributes": [],
          "private": "eyJlMmJmYjczMC1lY2FhLTExZTYtOGY4OC0zNDM2M2JjN2M0YzAiOnsiY3JlYXRlIjozMDAwMDAwMDAwMDAsImRlbGV0ZSI6MzAwMDAwMDAwMDAwLCJ1cGRhdGUiOjMwMDAwMDAwMDAwMH0sInNjaGVtYV92ZXJzaW9uIjoiMSJ9",
          "dependencies": [
            "yandex_vpc_network.default",
            "yandex_vpc_subnet.default"
          ]
        }
      ]
    },
    {
      "mode": "managed",
      "type": "yandex_compute_instance",
      "name": "node06",
      "provider": "provider[\"registry.terraform.io/yandex-cloud/yandex\"]",
      "instances": [
        {
          "schema_version": 1,
          "attributes": {
            "allow_recreate": null,
            "allow_stopping_for_update": true,
            "boot_disk": [
              {
                "auto_delete": true,
                "device_name": "fhmoungsp2dol66d6lk2",
                "disk_id": "fhmoungsp2dol66d6lk2",
                "initialize_params": [
                  {
                    "block_size": 4096,
                    "description": "",
                    "image_id": "fd8nirn8ouah72btb68g",
                    "name": "root-node06",
                    "size": 40,
                    "snapshot_id": "",
                    "type": "network-ssd"
                  }
                ],
                "mode": "READ_WRITE"
              }
            ],
            "created_at": "2022-08-13T10:07:43Z",
            "description": "",
            "folder_id": "b1gvpgk1m2f46g0u3bpc",
            "fqdn": "node06.netology.yc",
            "hostname": "node06.netology.yc",
            "id": "fhmegm91uhknnql4u69a",
            "labels": null,
            "local_disk": [],
            "metadata": {
              "ssh-keys": "centos:ssh-rsa AAAAB3NzaC1yc2EAAAADAQABAAABgQDRVvmZu63hEs0NQGwiJX4SkbXu9je3hWTSApSUaptidQL0YMMOm7gvPUHPQxU+amFEvfiicrm/3v8OjNOPdQ1Si4Qj5/BQefTZ21obEp8CUjb7Rnjs7j9O6nPjSsXGJhTJNBm4s9E+q8CyQbDsPcWdRno5KQV/m1VZMcV1yVCfgZxQOCHseLm9+AEvEkIC8u34MT7eGKIRgE9q5ZyBDsP8kfN7sA4LWySAC3ApdiVZZuvqBihlsW1rs/lQZlUaLhQWJOgl7GrNjHiH11TA5gNGM7LuWwBwG2d8KsiBB1yjgrH0JJX9ri+9C6nkRSbEc0m78Uzlqj6t2hZq3VnLFGiV1HahX+reszTVjp+F7FESXir6dT324fEYJG+IgftdSasqe6ptLJYlLcRyUc5LnO5d2J+Ul1XUe8CbEapffQURM7m8vMm1xw87i6p4A5zA5Aawi8VW8Os4j9O1/37b456iN4s2ool43oey0+WUt1oigPLLUKRC/2WK+qdjO2rdNiU= igord@ubuntu\n"
            },
            "name": "node06",
            "network_acceleration_type": "standard",
            "network_interface": [
              {
                "dns_record": [],
                "index": 0,
                "ip_address": "192.168.101.16",
                "ipv4": true,
                "ipv6": false,
                "ipv6_address": "",
                "ipv6_dns_record": [],
                "mac_address": "d0:0d:e8:59:21:f4",
                "nat": true,
                "nat_dns_record": [],
                "nat_ip_address": "51.250.87.218",
                "nat_ip_version": "IPV4",
                "security_group_ids": [],
                "subnet_id": "e9bcbakctkirkk4mfpkm"
              }
            ],
            "placement_policy": [
              {
                "host_affinity_rules": [],
                "placement_group_id": ""
              }
            ],
            "platform_id": "standard-v1",
            "resources": [
              {
                "core_fraction": 100,
                "cores": 4,
                "gpus": 0,
                "memory": 8
              }
            ],
            "scheduling_policy": [
              {
                "preemptible": false
              }
            ],
            "secondary_disk": [],
            "service_account_id": "",
            "status": "running",
            "timeouts": null,
            "zone": "ru-central1-a"
          },
          "sensitive_attributes": [],
          "private": "eyJlMmJmYjczMC1lY2FhLTExZTYtOGY4OC0zNDM2M2JjN2M0YzAiOnsiY3JlYXRlIjozMDAwMDAwMDAwMDAsImRlbGV0ZSI6MzAwMDAwMDAwMDAwLCJ1cGRhdGUiOjMwMDAwMDAwMDAwMH0sInNjaGVtYV92ZXJzaW9uIjoiMSJ9",
          "dependencies": [
            "yandex_vpc_network.default",
            "yandex_vpc_subnet.default"
          ]
        }
      ]
    },
    {
      "mode": "managed",
      "type": "yandex_vpc_network",
      "name": "default",
      "provider": "provider[\"registry.terraform.io/yandex-cloud/yandex\"]",
      "instances": [
        {
          "schema_version": 0,
          "attributes": {
            "created_at": "2022-08-13T10:07:39Z",
            "default_security_group_id": "",
            "description": "",
            "folder_id": "b1gvpgk1m2f46g0u3bpc",
            "id": "enpufmor2v1v7ls0jifh",
            "labels": {},
            "name": "net",
            "subnet_ids": [],
            "timeouts": null
          },
          "sensitive_attributes": [],
          "private": "eyJlMmJmYjczMC1lY2FhLTExZTYtOGY4OC0zNDM2M2JjN2M0YzAiOnsiY3JlYXRlIjo2MDAwMDAwMDAwMCwiZGVsZXRlIjo2MDAwMDAwMDAwMCwidXBkYXRlIjo2MDAwMDAwMDAwMH19"
        }
      ]
    },
    {
      "mode": "managed",
      "type": "yandex_vpc_subnet",
      "name": "default",
      "provider": "provider[\"registry.terraform.io/yandex-cloud/yandex\"]",
      "instances": [
        {
          "schema_version": 0,
          "attributes": {
            "created_at": "2022-08-13T10:07:40Z",
            "description": "",
            "dhcp_options": [],
            "folder_id": "b1gvpgk1m2f46g0u3bpc",
            "id": "e9bcbakctkirkk4mfpkm",
            "labels": {},
            "name": "subnet",
            "network_id": "enpufmor2v1v7ls0jifh",
            "route_table_id": "",
            "timeouts": null,
            "v4_cidr_blocks": [
              "192.168.101.0/24"
            ],
            "v6_cidr_blocks": [],
            "zone": "ru-central1-a"
          },
          "sensitive_attributes": [],
          "private": "eyJlMmJmYjczMC1lY2FhLTExZTYtOGY4OC0zNDM2M2JjN2M0YzAiOnsiY3JlYXRlIjoxODAwMDAwMDAwMDAsImRlbGV0ZSI6MTgwMDAwMDAwMDAwLCJ1cGRhdGUiOjE4MDAwMDAwMDAwMH19",
          "dependencies": [
            "yandex_vpc_network.default"
          ]
        }
      ]
    }
  ]
}
